{
  "name": "three-unity",
  "version": "1.0.0",
  "lockfileVersion": 2,
  "requires": true,
  "packages": {
    "": {
      "name": "three-unity",
      "version": "1.0.0",
      "license": "ISC",
      "dependencies": {
        "@tweenjs/tween.js": "^18.6.4",
        "ecs-unity": "file:../ecs-unity",
        "three": "^0.139.0",
        "troika-three-text": "^0.44.0"
      },
      "devDependencies": {
        "@types/three": "^0.139.0"
      }
    },
    "../ecs-unity": {
      "version": "1.0.0",
      "license": "ISC",
      "dependencies": {
        "three": "^0.138.0",
        "troika-three-text": "^0.45.0"
      },
      "devDependencies": {
        "@types/node": "^17.0.8",
        "@types/three": "^0.139.0"
      }
    },
    "node_modules/@tweenjs/tween.js": {
      "version": "18.6.4",
      "resolved": "https://registry.npmjs.org/@tweenjs/tween.js/-/tween.js-18.6.4.tgz",
      "integrity": "sha512-lB9lMjuqjtuJrx7/kOkqQBtllspPIN+96OvTCeJ2j5FEzinoAXTdAMFnDAQT1KVPRlnYfBrqxtqP66vDM40xxQ=="
    },
    "node_modules/@types/three": {
      "version": "0.139.0",
      "resolved": "https://registry.npmjs.org/@types/three/-/three-0.139.0.tgz",
      "integrity": "sha512-4V/jZhyq7Mv05coUzxL3bz8AuBOSi/1F0RY7ujisHTV0Amy/fnYJ+s7TSJ1/hXjZukSkpuFRgV+wvWUEMbsMbQ==",
      "dev": true
    },
    "node_modules/bidi-js": {
      "version": "1.0.2",
      "resolved": "https://registry.npmjs.org/bidi-js/-/bidi-js-1.0.2.tgz",
      "integrity": "sha512-rzSy/k7WdX5zOyeHHCOixGXbCHkyogkxPKL2r8QtzHmVQDiWCXUWa18bLdMWT9CYMLOYTjWpTHawuev2ouYJVw==",
      "dependencies": {
        "require-from-string": "^2.0.2"
      }
    },
    "node_modules/ecs-unity": {
      "resolved": "../ecs-unity",
      "link": true
    },
    "node_modules/require-from-string": {
      "version": "2.0.2",
      "resolved": "https://registry.npmjs.org/require-from-string/-/require-from-string-2.0.2.tgz",
      "integrity": "sha512-Xf0nWe6RseziFMu+Ap9biiUbmplq6S9/p+7w7YXP/JBHhrUDDUhwa+vANyubuqfZWTveU//DYVGsDG7RKL/vEw==",
      "engines": {
        "node": ">=0.10.0"
      }
    },
    "node_modules/three": {
      "version": "0.139.0",
      "resolved": "https://registry.npmjs.org/three/-/three-0.139.0.tgz",
      "integrity": "sha512-hZ4LkCjgoEM82WLaOVptDKGpB3SkEyuJP2OHe36AFO8hS2I6CrEiNanXj7wwR3wIPT7V5wi5Y5pFnncS5SVHgQ=="
    },
    "node_modules/troika-three-text": {
      "version": "0.44.0",
      "resolved": "https://registry.npmjs.org/troika-three-text/-/troika-three-text-0.44.0.tgz",
      "integrity": "sha512-YwqXczjXQ4yq2a2ufO9icOIjeJutE/ODS8PHmmt/WAzVFqoiqeemclp/Ewiqm0+sdI1KnWRm6lj8df/zmhU3Og==",
      "dependencies": {
        "bidi-js": "^1.0.2",
        "troika-three-utils": "^0.44.0",
        "troika-worker-utils": "^0.44.0"
      },
      "peerDependencies": {
        "three": ">=0.103.0"
      }
    },
    "node_modules/troika-three-utils": {
      "version": "0.44.0",
      "resolved": "https://registry.npmjs.org/troika-three-utils/-/troika-three-utils-0.44.0.tgz",
      "integrity": "sha512-gaEpqrlWnkrVU5UgUx+YZTC8NrhsA2Tt6zEIbn3WNuom7pLtrgjuHpAM72gif7DoYdOWEyFco3Zb6rpJh9Fodg==",
      "peerDependencies": {
        "three": ">=0.103.0"
      }
    },
    "node_modules/troika-worker-utils": {
      "version": "0.44.0",
      "resolved": "https://registry.npmjs.org/troika-worker-utils/-/troika-worker-utils-0.44.0.tgz",
      "integrity": "sha512-/ETcH1rUoO9hVBL6Ifea2WOoGPw90ncrk8b8SJKTLtzcQvEWRIZ4eUxlVCtU93fLechCV+DWPs1y8+Bjh1WaJg=="
    }
  },
  "dependencies": {
    "@tweenjs/tween.js": {
      "version": "18.6.4",
      "resolved": "https://registry.npmjs.org/@tweenjs/tween.js/-/tween.js-18.6.4.tgz",
      "integrity": "sha512-lB9lMjuqjtuJrx7/kOkqQBtllspPIN+96OvTCeJ2j5FEzinoAXTdAMFnDAQT1KVPRlnYfBrqxtqP66vDM40xxQ=="
    },
    "@types/three": {
      "version": "0.139.0",
      "resolved": "https://registry.npmjs.org/@types/three/-/three-0.139.0.tgz",
      "integrity": "sha512-4V/jZhyq7Mv05coUzxL3bz8AuBOSi/1F0RY7ujisHTV0Amy/fnYJ+s7TSJ1/hXjZukSkpuFRgV+wvWUEMbsMbQ==",
      "dev": true
    },
    "bidi-js": {
      "version": "1.0.2",
      "resolved": "https://registry.npmjs.org/bidi-js/-/bidi-js-1.0.2.tgz",
      "integrity": "sha512-rzSy/k7WdX5zOyeHHCOixGXbCHkyogkxPKL2r8QtzHmVQDiWCXUWa18bLdMWT9CYMLOYTjWpTHawuev2ouYJVw==",
      "requires": {
        "require-from-string": "^2.0.2"
      }
    },
    "ecs-unity": {
      "version": "file:../ecs-unity",
      "requires": {
        "@types/node": "^17.0.8",
        "@types/three": "^0.139.0",
        "three": "^0.138.0",
        "troika-three-text": "^0.45.0"
      }
    },
    "require-from-string": {
      "version": "2.0.2",
      "resolved": "https://registry.npmjs.org/require-from-string/-/require-from-string-2.0.2.tgz",
      "integrity": "sha512-Xf0nWe6RseziFMu+Ap9biiUbmplq6S9/p+7w7YXP/JBHhrUDDUhwa+vANyubuqfZWTveU//DYVGsDG7RKL/vEw=="
    },
    "three": {
      "version": "0.139.0",
      "resolved": "https://registry.npmjs.org/three/-/three-0.139.0.tgz",
      "integrity": "sha512-hZ4LkCjgoEM82WLaOVptDKGpB3SkEyuJP2OHe36AFO8hS2I6CrEiNanXj7wwR3wIPT7V5wi5Y5pFnncS5SVHgQ=="
    },
    "troika-three-text": {
      "version": "0.44.0",
      "resolved": "https://registry.npmjs.org/troika-three-text/-/troika-three-text-0.44.0.tgz",
      "integrity": "sha512-YwqXczjXQ4yq2a2ufO9icOIjeJutE/ODS8PHmmt/WAzVFqoiqeemclp/Ewiqm0+sdI1KnWRm6lj8df/zmhU3Og==",
      "requires": {
        "bidi-js": "^1.0.2",
        "troika-three-utils": "^0.44.0",
        "troika-worker-utils": "^0.44.0"
      }
    },
    "troika-three-utils": {
      "version": "0.44.0",
      "resolved": "https://registry.npmjs.org/troika-three-utils/-/troika-three-utils-0.44.0.tgz",
      "integrity": "sha512-gaEpqrlWnkrVU5UgUx+YZTC8NrhsA2Tt6zEIbn3WNuom7pLtrgjuHpAM72gif7DoYdOWEyFco3Zb6rpJh9Fodg==",
      "requires": {}
    },
    "troika-worker-utils": {
      "version": "0.44.0",
      "resolved": "https://registry.npmjs.org/troika-worker-utils/-/troika-worker-utils-0.44.0.tgz",
      "integrity": "sha512-/ETcH1rUoO9hVBL6Ifea2WOoGPw90ncrk8b8SJKTLtzcQvEWRIZ4eUxlVCtU93fLechCV+DWPs1y8+Bjh1WaJg=="
    }
  }
}
